// !$*UTF8*$!
{
	archiveVersion = 1;
	classes = {
	};
	objectVersion = 50;
	objects = {

/* Begin PBXBuildFile section */
		A4253B9825A836CB000424CF /* AppDelegate.swift in Sources */ = {isa = PBXBuildFile; fileRef = A4253B9725A836CB000424CF /* AppDelegate.swift */; };
		A4253B9A25A836CB000424CF /* SceneDelegate.swift in Sources */ = {isa = PBXBuildFile; fileRef = A4253B9925A836CB000424CF /* SceneDelegate.swift */; };
		A4253BA125A836CC000424CF /* Assets.xcassets in Resources */ = {isa = PBXBuildFile; fileRef = A4253BA025A836CC000424CF /* Assets.xcassets */; };
		A4253BA425A836CC000424CF /* LaunchScreen.storyboard in Resources */ = {isa = PBXBuildFile; fileRef = A4253BA225A836CC000424CF /* LaunchScreen.storyboard */; };
		A4253BAF25A836CC000424CF /* AlphaVantageShowcaseTests.swift in Sources */ = {isa = PBXBuildFile; fileRef = A4253BAE25A836CC000424CF /* AlphaVantageShowcaseTests.swift */; };
		A4253BBA25A836CC000424CF /* AlphaVantageShowcaseUITests.swift in Sources */ = {isa = PBXBuildFile; fileRef = A4253BB925A836CC000424CF /* AlphaVantageShowcaseUITests.swift */; };
		A4253BD025A83794000424CF /* MainViewController.swift in Sources */ = {isa = PBXBuildFile; fileRef = A4253BCF25A83794000424CF /* MainViewController.swift */; };
		A4253BD725A838D3000424CF /* DailyViewController.swift in Sources */ = {isa = PBXBuildFile; fileRef = A4253BD625A838D3000424CF /* DailyViewController.swift */; };
		A4253BDF25A839A1000424CF /* IntraDayViewController.swift in Sources */ = {isa = PBXBuildFile; fileRef = A4253BDE25A839A1000424CF /* IntraDayViewController.swift */; };
		A4253BF025A843A9000424CF /* IntraDayWireframe.swift in Sources */ = {isa = PBXBuildFile; fileRef = A4253BEF25A843A9000424CF /* IntraDayWireframe.swift */; };
		A4253BF525A843D0000424CF /* IntraDayProtocol.swift in Sources */ = {isa = PBXBuildFile; fileRef = A4253BF425A843D0000424CF /* IntraDayProtocol.swift */; };
		A4253BFD25A844B3000424CF /* IntraDayPresenter.swift in Sources */ = {isa = PBXBuildFile; fileRef = A4253BFC25A844B3000424CF /* IntraDayPresenter.swift */; };
		A4253C0225A84509000424CF /* IntraDayInteractor.swift in Sources */ = {isa = PBXBuildFile; fileRef = A4253C0125A84509000424CF /* IntraDayInteractor.swift */; };
		A4253C0725A846A5000424CF /* StockProvider.swift in Sources */ = {isa = PBXBuildFile; fileRef = A4253C0625A846A5000424CF /* StockProvider.swift */; };
		A4253C1225A84AC5000424CF /* StockService.swift in Sources */ = {isa = PBXBuildFile; fileRef = A4253C1125A84AC5000424CF /* StockService.swift */; };
		A4253C1725A84E5F000424CF /* IntraDayResponse.swift in Sources */ = {isa = PBXBuildFile; fileRef = A4253C1625A84E5F000424CF /* IntraDayResponse.swift */; };
		A4253C1D25A84EBC000424CF /* DailyResponse.swift in Sources */ = {isa = PBXBuildFile; fileRef = A4253C1C25A84EBC000424CF /* DailyResponse.swift */; };
		A4253C2C25A86E00000424CF /* TimeSeriesIntraDay.swift in Sources */ = {isa = PBXBuildFile; fileRef = A4253C2B25A86E00000424CF /* TimeSeriesIntraDay.swift */; };
		A4253C3525A87736000424CF /* IntraDayCell.swift in Sources */ = {isa = PBXBuildFile; fileRef = A4253C3425A87736000424CF /* IntraDayCell.swift */; };
		A4253C4A25A87B59000424CF /* Constant.swift in Sources */ = {isa = PBXBuildFile; fileRef = A4253C4925A87B59000424CF /* Constant.swift */; };
		A493BF3625A98CC400FD57E4 /* LocalStorageService.swift in Sources */ = {isa = PBXBuildFile; fileRef = A493BF3525A98CC400FD57E4 /* LocalStorageService.swift */; };
		A493BF3D25A98E8800FD57E4 /* ConfigureViewController.swift in Sources */ = {isa = PBXBuildFile; fileRef = A493BF3C25A98E8800FD57E4 /* ConfigureViewController.swift */; };
		A493BF4625A9AB3700FD57E4 /* KeychainItemAccessibility.swift in Sources */ = {isa = PBXBuildFile; fileRef = A493BF4525A9AB3700FD57E4 /* KeychainItemAccessibility.swift */; };
		A493BF4E25A9AB7400FD57E4 /* KeychainWrapper.swift in Sources */ = {isa = PBXBuildFile; fileRef = A493BF4D25A9AB7400FD57E4 /* KeychainWrapper.swift */; };
		A493BF6525A9C07200FD57E4 /* DailyPresenter.swift in Sources */ = {isa = PBXBuildFile; fileRef = A493BF6425A9C07200FD57E4 /* DailyPresenter.swift */; };
		A493BF6D25A9C07D00FD57E4 /* DailyInteractor.swift in Sources */ = {isa = PBXBuildFile; fileRef = A493BF6C25A9C07D00FD57E4 /* DailyInteractor.swift */; };
		A493BF7225A9C08800FD57E4 /* DailyProtocol.swift in Sources */ = {isa = PBXBuildFile; fileRef = A493BF7125A9C08800FD57E4 /* DailyProtocol.swift */; };
		A493BF7725A9C09600FD57E4 /* DailyWireframe.swift in Sources */ = {isa = PBXBuildFile; fileRef = A493BF7625A9C09600FD57E4 /* DailyWireframe.swift */; };
		A4CF359925A9C98B004852FD /* DailyCell.swift in Sources */ = {isa = PBXBuildFile; fileRef = A4CF359825A9C98B004852FD /* DailyCell.swift */; };
/* End PBXBuildFile section */

/* Begin PBXContainerItemProxy section */
		A4253BAB25A836CC000424CF /* PBXContainerItemProxy */ = {
			isa = PBXContainerItemProxy;
			containerPortal = A4253B8C25A836CB000424CF /* Project object */;
			proxyType = 1;
			remoteGlobalIDString = A4253B9325A836CB000424CF;
			remoteInfo = AlphaVantageShowcase;
		};
		A4253BB625A836CC000424CF /* PBXContainerItemProxy */ = {
			isa = PBXContainerItemProxy;
			containerPortal = A4253B8C25A836CB000424CF /* Project object */;
			proxyType = 1;
			remoteGlobalIDString = A4253B9325A836CB000424CF;
			remoteInfo = AlphaVantageShowcase;
		};
/* End PBXContainerItemProxy section */

/* Begin PBXFileReference section */
		A4253B9425A836CB000424CF /* AlphaVantageShowcase.app */ = {isa = PBXFileReference; explicitFileType = wrapper.application; includeInIndex = 0; path = AlphaVantageShowcase.app; sourceTree = BUILT_PRODUCTS_DIR; };
		A4253B9725A836CB000424CF /* AppDelegate.swift */ = {isa = PBXFileReference; lastKnownFileType = sourcecode.swift; path = AppDelegate.swift; sourceTree = "<group>"; };
		A4253B9925A836CB000424CF /* SceneDelegate.swift */ = {isa = PBXFileReference; lastKnownFileType = sourcecode.swift; path = SceneDelegate.swift; sourceTree = "<group>"; };
		A4253BA025A836CC000424CF /* Assets.xcassets */ = {isa = PBXFileReference; lastKnownFileType = folder.assetcatalog; path = Assets.xcassets; sourceTree = "<group>"; };
		A4253BA325A836CC000424CF /* Base */ = {isa = PBXFileReference; lastKnownFileType = file.storyboard; name = Base; path = Base.lproj/LaunchScreen.storyboard; sourceTree = "<group>"; };
		A4253BA525A836CC000424CF /* Info.plist */ = {isa = PBXFileReference; lastKnownFileType = text.plist.xml; path = Info.plist; sourceTree = "<group>"; };
		A4253BAA25A836CC000424CF /* AlphaVantageShowcaseTests.xctest */ = {isa = PBXFileReference; explicitFileType = wrapper.cfbundle; includeInIndex = 0; path = AlphaVantageShowcaseTests.xctest; sourceTree = BUILT_PRODUCTS_DIR; };
		A4253BAE25A836CC000424CF /* AlphaVantageShowcaseTests.swift */ = {isa = PBXFileReference; lastKnownFileType = sourcecode.swift; path = AlphaVantageShowcaseTests.swift; sourceTree = "<group>"; };
		A4253BB025A836CC000424CF /* Info.plist */ = {isa = PBXFileReference; lastKnownFileType = text.plist.xml; path = Info.plist; sourceTree = "<group>"; };
		A4253BB525A836CC000424CF /* AlphaVantageShowcaseUITests.xctest */ = {isa = PBXFileReference; explicitFileType = wrapper.cfbundle; includeInIndex = 0; path = AlphaVantageShowcaseUITests.xctest; sourceTree = BUILT_PRODUCTS_DIR; };
		A4253BB925A836CC000424CF /* AlphaVantageShowcaseUITests.swift */ = {isa = PBXFileReference; lastKnownFileType = sourcecode.swift; path = AlphaVantageShowcaseUITests.swift; sourceTree = "<group>"; };
		A4253BBB25A836CC000424CF /* Info.plist */ = {isa = PBXFileReference; lastKnownFileType = text.plist.xml; path = Info.plist; sourceTree = "<group>"; };
		A4253BCF25A83794000424CF /* MainViewController.swift */ = {isa = PBXFileReference; lastKnownFileType = sourcecode.swift; path = MainViewController.swift; sourceTree = "<group>"; };
		A4253BD625A838D3000424CF /* DailyViewController.swift */ = {isa = PBXFileReference; lastKnownFileType = sourcecode.swift; path = DailyViewController.swift; sourceTree = "<group>"; };
		A4253BDE25A839A1000424CF /* IntraDayViewController.swift */ = {isa = PBXFileReference; lastKnownFileType = sourcecode.swift; path = IntraDayViewController.swift; sourceTree = "<group>"; };
		A4253BEF25A843A9000424CF /* IntraDayWireframe.swift */ = {isa = PBXFileReference; lastKnownFileType = sourcecode.swift; path = IntraDayWireframe.swift; sourceTree = "<group>"; };
		A4253BF425A843D0000424CF /* IntraDayProtocol.swift */ = {isa = PBXFileReference; lastKnownFileType = sourcecode.swift; path = IntraDayProtocol.swift; sourceTree = "<group>"; };
		A4253BFC25A844B3000424CF /* IntraDayPresenter.swift */ = {isa = PBXFileReference; lastKnownFileType = sourcecode.swift; path = IntraDayPresenter.swift; sourceTree = "<group>"; };
		A4253C0125A84509000424CF /* IntraDayInteractor.swift */ = {isa = PBXFileReference; lastKnownFileType = sourcecode.swift; path = IntraDayInteractor.swift; sourceTree = "<group>"; };
		A4253C0625A846A5000424CF /* StockProvider.swift */ = {isa = PBXFileReference; lastKnownFileType = sourcecode.swift; path = StockProvider.swift; sourceTree = "<group>"; };
		A4253C1125A84AC5000424CF /* StockService.swift */ = {isa = PBXFileReference; lastKnownFileType = sourcecode.swift; path = StockService.swift; sourceTree = "<group>"; };
		A4253C1625A84E5F000424CF /* IntraDayResponse.swift */ = {isa = PBXFileReference; lastKnownFileType = sourcecode.swift; path = IntraDayResponse.swift; sourceTree = "<group>"; };
		A4253C1C25A84EBC000424CF /* DailyResponse.swift */ = {isa = PBXFileReference; lastKnownFileType = sourcecode.swift; path = DailyResponse.swift; sourceTree = "<group>"; };
		A4253C2B25A86E00000424CF /* TimeSeriesIntraDay.swift */ = {isa = PBXFileReference; lastKnownFileType = sourcecode.swift; path = TimeSeriesIntraDay.swift; sourceTree = "<group>"; };
		A4253C3425A87736000424CF /* IntraDayCell.swift */ = {isa = PBXFileReference; lastKnownFileType = sourcecode.swift; path = IntraDayCell.swift; sourceTree = "<group>"; };
		A4253C4925A87B59000424CF /* Constant.swift */ = {isa = PBXFileReference; lastKnownFileType = sourcecode.swift; path = Constant.swift; sourceTree = "<group>"; };
		A493BF3525A98CC400FD57E4 /* LocalStorageService.swift */ = {isa = PBXFileReference; lastKnownFileType = sourcecode.swift; path = LocalStorageService.swift; sourceTree = "<group>"; };
		A493BF3C25A98E8800FD57E4 /* ConfigureViewController.swift */ = {isa = PBXFileReference; lastKnownFileType = sourcecode.swift; path = ConfigureViewController.swift; sourceTree = "<group>"; };
		A493BF4525A9AB3700FD57E4 /* KeychainItemAccessibility.swift */ = {isa = PBXFileReference; lastKnownFileType = sourcecode.swift; path = KeychainItemAccessibility.swift; sourceTree = "<group>"; };
		A493BF4D25A9AB7400FD57E4 /* KeychainWrapper.swift */ = {isa = PBXFileReference; lastKnownFileType = sourcecode.swift; path = KeychainWrapper.swift; sourceTree = "<group>"; };
		A493BF6425A9C07200FD57E4 /* DailyPresenter.swift */ = {isa = PBXFileReference; lastKnownFileType = sourcecode.swift; path = DailyPresenter.swift; sourceTree = "<group>"; };
		A493BF6C25A9C07D00FD57E4 /* DailyInteractor.swift */ = {isa = PBXFileReference; lastKnownFileType = sourcecode.swift; path = DailyInteractor.swift; sourceTree = "<group>"; };
		A493BF7125A9C08800FD57E4 /* DailyProtocol.swift */ = {isa = PBXFileReference; lastKnownFileType = sourcecode.swift; path = DailyProtocol.swift; sourceTree = "<group>"; };
		A493BF7625A9C09600FD57E4 /* DailyWireframe.swift */ = {isa = PBXFileReference; lastKnownFileType = sourcecode.swift; path = DailyWireframe.swift; sourceTree = "<group>"; };
		A4CF359825A9C98B004852FD /* DailyCell.swift */ = {isa = PBXFileReference; lastKnownFileType = sourcecode.swift; path = DailyCell.swift; sourceTree = "<group>"; };
/* End PBXFileReference section */

/* Begin PBXFrameworksBuildPhase section */
		A4253B9125A836CB000424CF /* Frameworks */ = {
			isa = PBXFrameworksBuildPhase;
			buildActionMask = 2147483647;
			files = (
			);
			runOnlyForDeploymentPostprocessing = 0;
		};
		A4253BA725A836CC000424CF /* Frameworks */ = {
			isa = PBXFrameworksBuildPhase;
			buildActionMask = 2147483647;
			files = (
			);
			runOnlyForDeploymentPostprocessing = 0;
		};
		A4253BB225A836CC000424CF /* Frameworks */ = {
			isa = PBXFrameworksBuildPhase;
			buildActionMask = 2147483647;
			files = (
			);
			runOnlyForDeploymentPostprocessing = 0;
		};
/* End PBXFrameworksBuildPhase section */

/* Begin PBXGroup section */
		A4253B8B25A836CB000424CF = {
			isa = PBXGroup;
			children = (
				A4253B9625A836CB000424CF /* AlphaVantageShowcase */,
				A4253BAD25A836CC000424CF /* AlphaVantageShowcaseTests */,
				A4253BB825A836CC000424CF /* AlphaVantageShowcaseUITests */,
				A4253B9525A836CB000424CF /* Products */,
			);
			sourceTree = "<group>";
		};
		A4253B9525A836CB000424CF /* Products */ = {
			isa = PBXGroup;
			children = (
				A4253B9425A836CB000424CF /* AlphaVantageShowcase.app */,
				A4253BAA25A836CC000424CF /* AlphaVantageShowcaseTests.xctest */,
				A4253BB525A836CC000424CF /* AlphaVantageShowcaseUITests.xctest */,
			);
			name = Products;
			sourceTree = "<group>";
		};
		A4253B9625A836CB000424CF /* AlphaVantageShowcase */ = {
			isa = PBXGroup;
			children = (
				A493BF3A25A98E6700FD57E4 /* Configuration Screen */,
				A4253C4825A87B4B000424CF /* Utilities */,
				A4253BE325A83CAC000424CF /* APICallManager */,
				A4253BCE25A83708000424CF /* IntraDay Screen */,
				A4253BCD25A836F0000424CF /* Daily Screen */,
				A4253B9725A836CB000424CF /* AppDelegate.swift */,
				A4253B9925A836CB000424CF /* SceneDelegate.swift */,
				A4253BA025A836CC000424CF /* Assets.xcassets */,
				A4253BA225A836CC000424CF /* LaunchScreen.storyboard */,
				A4253BA525A836CC000424CF /* Info.plist */,
				A4253BCF25A83794000424CF /* MainViewController.swift */,
			);
			path = AlphaVantageShowcase;
			sourceTree = "<group>";
		};
		A4253BAD25A836CC000424CF /* AlphaVantageShowcaseTests */ = {
			isa = PBXGroup;
			children = (
				A4253BAE25A836CC000424CF /* AlphaVantageShowcaseTests.swift */,
				A4253BB025A836CC000424CF /* Info.plist */,
			);
			path = AlphaVantageShowcaseTests;
			sourceTree = "<group>";
		};
		A4253BB825A836CC000424CF /* AlphaVantageShowcaseUITests */ = {
			isa = PBXGroup;
			children = (
				A4253BB925A836CC000424CF /* AlphaVantageShowcaseUITests.swift */,
				A4253BBB25A836CC000424CF /* Info.plist */,
			);
			path = AlphaVantageShowcaseUITests;
			sourceTree = "<group>";
		};
		A4253BCD25A836F0000424CF /* Daily Screen */ = {
			isa = PBXGroup;
			children = (
				A493BF6325A9C05B00FD57E4 /* Presenter */,
				A493BF6225A9C05100FD57E4 /* Interactor */,
				A493BF6125A9C04A00FD57E4 /* Protocol */,
				A493BF6025A9C04100FD57E4 /* Wireframe */,
				A4253C1B25A84EA6000424CF /* Entity */,
				A4253BD525A838AE000424CF /* View */,
			);
			path = "Daily Screen";
			sourceTree = "<group>";
		};
		A4253BCE25A83708000424CF /* IntraDay Screen */ = {
			isa = PBXGroup;
			children = (
				A4253BEE25A83F7B000424CF /* Entities */,
				A4253BED25A83F74000424CF /* WIreframe */,
				A4253BEC25A83F58000424CF /* Protocol */,
				A4253BEB25A83F4F000424CF /* Interactor */,
				A4253BEA25A83F42000424CF /* Presenter */,
				A4253BD425A83895000424CF /* View */,
			);
			path = "IntraDay Screen";
			sourceTree = "<group>";
		};
		A4253BD425A83895000424CF /* View */ = {
			isa = PBXGroup;
			children = (
				A4253C3325A87720000424CF /* Cell */,
				A4253BDE25A839A1000424CF /* IntraDayViewController.swift */,
			);
			path = View;
			sourceTree = "<group>";
		};
		A4253BD525A838AE000424CF /* View */ = {
			isa = PBXGroup;
			children = (
				A4CF359725A9C97E004852FD /* Cell */,
				A4253BD625A838D3000424CF /* DailyViewController.swift */,
			);
			path = View;
			sourceTree = "<group>";
		};
		A4253BE325A83CAC000424CF /* APICallManager */ = {
			isa = PBXGroup;
			children = (
				A493BF4425A9AB0700FD57E4 /* Services */,
				A4253C0625A846A5000424CF /* StockProvider.swift */,
			);
			path = APICallManager;
			sourceTree = "<group>";
		};
		A4253BEA25A83F42000424CF /* Presenter */ = {
			isa = PBXGroup;
			children = (
				A4253BFC25A844B3000424CF /* IntraDayPresenter.swift */,
			);
			path = Presenter;
			sourceTree = "<group>";
		};
		A4253BEB25A83F4F000424CF /* Interactor */ = {
			isa = PBXGroup;
			children = (
				A4253C0125A84509000424CF /* IntraDayInteractor.swift */,
			);
			path = Interactor;
			sourceTree = "<group>";
		};
		A4253BEC25A83F58000424CF /* Protocol */ = {
			isa = PBXGroup;
			children = (
				A4253BF425A843D0000424CF /* IntraDayProtocol.swift */,
			);
			path = Protocol;
			sourceTree = "<group>";
		};
		A4253BED25A83F74000424CF /* WIreframe */ = {
			isa = PBXGroup;
			children = (
				A4253BEF25A843A9000424CF /* IntraDayWireframe.swift */,
			);
			path = WIreframe;
			sourceTree = "<group>";
		};
		A4253BEE25A83F7B000424CF /* Entities */ = {
			isa = PBXGroup;
			children = (
				A4253C1625A84E5F000424CF /* IntraDayResponse.swift */,
				A4253C2B25A86E00000424CF /* TimeSeriesIntraDay.swift */,
			);
			path = Entities;
			sourceTree = "<group>";
		};
		A4253C1B25A84EA6000424CF /* Entity */ = {
			isa = PBXGroup;
			children = (
				A4253C1C25A84EBC000424CF /* DailyResponse.swift */,
			);
			path = Entity;
			sourceTree = "<group>";
		};
		A4253C3325A87720000424CF /* Cell */ = {
			isa = PBXGroup;
			children = (
				A4253C3425A87736000424CF /* IntraDayCell.swift */,
			);
			path = Cell;
			sourceTree = "<group>";
		};
		A4253C4825A87B4B000424CF /* Utilities */ = {
			isa = PBXGroup;
			children = (
				A4253C4925A87B59000424CF /* Constant.swift */,
			);
			path = Utilities;
			sourceTree = "<group>";
		};
		A493BF3A25A98E6700FD57E4 /* Configuration Screen */ = {
			isa = PBXGroup;
			children = (
				A493BF3B25A98E7100FD57E4 /* View */,
			);
			path = "Configuration Screen";
			sourceTree = "<group>";
		};
		A493BF3B25A98E7100FD57E4 /* View */ = {
			isa = PBXGroup;
			children = (
				A493BF3C25A98E8800FD57E4 /* ConfigureViewController.swift */,
			);
			path = View;
			sourceTree = "<group>";
		};
		A493BF4425A9AB0700FD57E4 /* Services */ = {
			isa = PBXGroup;
			children = (
				A4253C1125A84AC5000424CF /* StockService.swift */,
				A493BF3525A98CC400FD57E4 /* LocalStorageService.swift */,
				A493BF4525A9AB3700FD57E4 /* KeychainItemAccessibility.swift */,
				A493BF4D25A9AB7400FD57E4 /* KeychainWrapper.swift */,
			);
			path = Services;
			sourceTree = "<group>";
		};
		A493BF6025A9C04100FD57E4 /* Wireframe */ = {
			isa = PBXGroup;
			children = (
				A493BF7625A9C09600FD57E4 /* DailyWireframe.swift */,
			);
			path = Wireframe;
			sourceTree = "<group>";
		};
		A493BF6125A9C04A00FD57E4 /* Protocol */ = {
			isa = PBXGroup;
			children = (
				A493BF7125A9C08800FD57E4 /* DailyProtocol.swift */,
			);
			path = Protocol;
			sourceTree = "<group>";
		};
		A493BF6225A9C05100FD57E4 /* Interactor */ = {
			isa = PBXGroup;
			children = (
				A493BF6C25A9C07D00FD57E4 /* DailyInteractor.swift */,
			);
			path = Interactor;
			sourceTree = "<group>";
		};
		A493BF6325A9C05B00FD57E4 /* Presenter */ = {
			isa = PBXGroup;
			children = (
				A493BF6425A9C07200FD57E4 /* DailyPresenter.swift */,
			);
			path = Presenter;
			sourceTree = "<group>";
		};
		A4CF359725A9C97E004852FD /* Cell */ = {
			isa = PBXGroup;
			children = (
				A4CF359825A9C98B004852FD /* DailyCell.swift */,
			);
			path = Cell;
			sourceTree = "<group>";
		};
/* End PBXGroup section */

/* Begin PBXNativeTarget section */
		A4253B9325A836CB000424CF /* AlphaVantageShowcase */ = {
			isa = PBXNativeTarget;
			buildConfigurationList = A4253BBE25A836CC000424CF /* Build configuration list for PBXNativeTarget "AlphaVantageShowcase" */;
			buildPhases = (
				A4253B9025A836CB000424CF /* Sources */,
				A4253B9125A836CB000424CF /* Frameworks */,
				A4253B9225A836CB000424CF /* Resources */,
			);
			buildRules = (
			);
			dependencies = (
			);
			name = AlphaVantageShowcase;
			productName = AlphaVantageShowcase;
			productReference = A4253B9425A836CB000424CF /* AlphaVantageShowcase.app */;
			productType = "com.apple.product-type.application";
		};
		A4253BA925A836CC000424CF /* AlphaVantageShowcaseTests */ = {
			isa = PBXNativeTarget;
			buildConfigurationList = A4253BC125A836CC000424CF /* Build configuration list for PBXNativeTarget "AlphaVantageShowcaseTests" */;
			buildPhases = (
				A4253BA625A836CC000424CF /* Sources */,
				A4253BA725A836CC000424CF /* Frameworks */,
				A4253BA825A836CC000424CF /* Resources */,
			);
			buildRules = (
			);
			dependencies = (
				A4253BAC25A836CC000424CF /* PBXTargetDependency */,
			);
			name = AlphaVantageShowcaseTests;
			productName = AlphaVantageShowcaseTests;
			productReference = A4253BAA25A836CC000424CF /* AlphaVantageShowcaseTests.xctest */;
			productType = "com.apple.product-type.bundle.unit-test";
		};
		A4253BB425A836CC000424CF /* AlphaVantageShowcaseUITests */ = {
			isa = PBXNativeTarget;
			buildConfigurationList = A4253BC425A836CC000424CF /* Build configuration list for PBXNativeTarget "AlphaVantageShowcaseUITests" */;
			buildPhases = (
				A4253BB125A836CC000424CF /* Sources */,
				A4253BB225A836CC000424CF /* Frameworks */,
				A4253BB325A836CC000424CF /* Resources */,
			);
			buildRules = (
			);
			dependencies = (
				A4253BB725A836CC000424CF /* PBXTargetDependency */,
			);
			name = AlphaVantageShowcaseUITests;
			productName = AlphaVantageShowcaseUITests;
			productReference = A4253BB525A836CC000424CF /* AlphaVantageShowcaseUITests.xctest */;
			productType = "com.apple.product-type.bundle.ui-testing";
		};
/* End PBXNativeTarget section */

/* Begin PBXProject section */
		A4253B8C25A836CB000424CF /* Project object */ = {
			isa = PBXProject;
			attributes = {
				LastSwiftUpdateCheck = 1220;
				LastUpgradeCheck = 1220;
				TargetAttributes = {
					A4253B9325A836CB000424CF = {
						CreatedOnToolsVersion = 12.2;
					};
					A4253BA925A836CC000424CF = {
						CreatedOnToolsVersion = 12.2;
						TestTargetID = A4253B9325A836CB000424CF;
					};
					A4253BB425A836CC000424CF = {
						CreatedOnToolsVersion = 12.2;
						TestTargetID = A4253B9325A836CB000424CF;
					};
				};
			};
			buildConfigurationList = A4253B8F25A836CB000424CF /* Build configuration list for PBXProject "AlphaVantageShowcase" */;
			compatibilityVersion = "Xcode 9.3";
			developmentRegion = en;
			hasScannedForEncodings = 0;
			knownRegions = (
				en,
				Base,
			);
			mainGroup = A4253B8B25A836CB000424CF;
			productRefGroup = A4253B9525A836CB000424CF /* Products */;
			projectDirPath = "";
			projectRoot = "";
			targets = (
				A4253B9325A836CB000424CF /* AlphaVantageShowcase */,
				A4253BA925A836CC000424CF /* AlphaVantageShowcaseTests */,
				A4253BB425A836CC000424CF /* AlphaVantageShowcaseUITests */,
			);
		};
/* End PBXProject section */

/* Begin PBXResourcesBuildPhase section */
		A4253B9225A836CB000424CF /* Resources */ = {
			isa = PBXResourcesBuildPhase;
			buildActionMask = 2147483647;
			files = (
				A4253BA425A836CC000424CF /* LaunchScreen.storyboard in Resources */,
				A4253BA125A836CC000424CF /* Assets.xcassets in Resources */,
			);
			runOnlyForDeploymentPostprocessing = 0;
		};
		A4253BA825A836CC000424CF /* Resources */ = {
			isa = PBXResourcesBuildPhase;
			buildActionMask = 2147483647;
			files = (
			);
			runOnlyForDeploymentPostprocessing = 0;
		};
		A4253BB325A836CC000424CF /* Resources */ = {
			isa = PBXResourcesBuildPhase;
			buildActionMask = 2147483647;
			files = (
			);
			runOnlyForDeploymentPostprocessing = 0;
		};
/* End PBXResourcesBuildPhase section */

/* Begin PBXSourcesBuildPhase section */
		A4253B9025A836CB000424CF /* Sources */ = {
			isa = PBXSourcesBuildPhase;
			buildActionMask = 2147483647;
			files = (
				A4253C1725A84E5F000424CF /* IntraDayResponse.swift in Sources */,
				A4253B9825A836CB000424CF /* AppDelegate.swift in Sources */,
				A4253C2C25A86E00000424CF /* TimeSeriesIntraDay.swift in Sources */,
				A493BF4625A9AB3700FD57E4 /* KeychainItemAccessibility.swift in Sources */,
				A4253C4A25A87B59000424CF /* Constant.swift in Sources */,
				A4253C1225A84AC5000424CF /* StockService.swift in Sources */,
				A493BF3D25A98E8800FD57E4 /* ConfigureViewController.swift in Sources */,
				A4253BDF25A839A1000424CF /* IntraDayViewController.swift in Sources */,
				A4253C0725A846A5000424CF /* StockProvider.swift in Sources */,
				A493BF4E25A9AB7400FD57E4 /* KeychainWrapper.swift in Sources */,
				A4253B9A25A836CB000424CF /* SceneDelegate.swift in Sources */,
				A4CF359925A9C98B004852FD /* DailyCell.swift in Sources */,
				A4253BD725A838D3000424CF /* DailyViewController.swift in Sources */,
				A4253C0225A84509000424CF /* IntraDayInteractor.swift in Sources */,
				A4253BF025A843A9000424CF /* IntraDayWireframe.swift in Sources */,
				A4253C1D25A84EBC000424CF /* DailyResponse.swift in Sources */,
				A493BF6525A9C07200FD57E4 /* DailyPresenter.swift in Sources */,
				A4253BD025A83794000424CF /* MainViewController.swift in Sources */,
				A4253C3525A87736000424CF /* IntraDayCell.swift in Sources */,
				A4253BFD25A844B3000424CF /* IntraDayPresenter.swift in Sources */,
				A493BF7225A9C08800FD57E4 /* DailyProtocol.swift in Sources */,
				A493BF7725A9C09600FD57E4 /* DailyWireframe.swift in Sources */,
				A4253BF525A843D0000424CF /* IntraDayProtocol.swift in Sources */,
				A493BF6D25A9C07D00FD57E4 /* DailyInteractor.swift in Sources */,
				A493BF3625A98CC400FD57E4 /* LocalStorageService.swift in Sources */,
			);
			runOnlyForDeploymentPostprocessing = 0;
		};
		A4253BA625A836CC000424CF /* Sources */ = {
			isa = PBXSourcesBuildPhase;
			buildActionMask = 2147483647;
			files = (
				A4253BAF25A836CC000424CF /* AlphaVantageShowcaseTests.swift in Sources */,
			);
			runOnlyForDeploymentPostprocessing = 0;
		};
		A4253BB125A836CC000424CF /* Sources */ = {
			isa = PBXSourcesBuildPhase;
			buildActionMask = 2147483647;
			files = (
				A4253BBA25A836CC000424CF /* AlphaVantageShowcaseUITests.swift in Sources */,
			);
			runOnlyForDeploymentPostprocessing = 0;
		};
/* End PBXSourcesBuildPhase section */

/* Begin PBXTargetDependency section */
		A4253BAC25A836CC000424CF /* PBXTargetDependency */ = {
			isa = PBXTargetDependency;
			target = A4253B9325A836CB000424CF /* AlphaVantageShowcase */;
			targetProxy = A4253BAB25A836CC000424CF /* PBXContainerItemProxy */;
		};
		A4253BB725A836CC000424CF /* PBXTargetDependency */ = {
			isa = PBXTargetDependency;
			target = A4253B9325A836CB000424CF /* AlphaVantageShowcase */;
			targetProxy = A4253BB625A836CC000424CF /* PBXContainerItemProxy */;
		};
/* End PBXTargetDependency section */

/* Begin PBXVariantGroup section */
		A4253BA225A836CC000424CF /* LaunchScreen.storyboard */ = {
			isa = PBXVariantGroup;
			children = (
				A4253BA325A836CC000424CF /* Base */,
			);
			name = LaunchScreen.storyboard;
			sourceTree = "<group>";
		};
/* End PBXVariantGroup section */

/* Begin XCBuildConfiguration section */
		A4253BBC25A836CC000424CF /* Debug */ = {
			isa = XCBuildConfiguration;
			buildSettings = {
				ALWAYS_SEARCH_USER_PATHS = NO;
				CLANG_ANALYZER_NONNULL = YES;
				CLANG_ANALYZER_NUMBER_OBJECT_CONVERSION = YES_AGGRESSIVE;
				CLANG_CXX_LANGUAGE_STANDARD = "gnu++14";
				CLANG_CXX_LIBRARY = "libc++";
				CLANG_ENABLE_MODULES = YES;
				CLANG_ENABLE_OBJC_ARC = YES;
				CLANG_ENABLE_OBJC_WEAK = YES;
				CLANG_WARN_BLOCK_CAPTURE_AUTORELEASING = YES;
				CLANG_WARN_BOOL_CONVERSION = YES;
				CLANG_WARN_COMMA = YES;
				CLANG_WARN_CONSTANT_CONVERSION = YES;
				CLANG_WARN_DEPRECATED_OBJC_IMPLEMENTATIONS = YES;
				CLANG_WARN_DIRECT_OBJC_ISA_USAGE = YES_ERROR;
				CLANG_WARN_DOCUMENTATION_COMMENTS = YES;
				CLANG_WARN_EMPTY_BODY = YES;
				CLANG_WARN_ENUM_CONVERSION = YES;
				CLANG_WARN_INFINITE_RECURSION = YES;
				CLANG_WARN_INT_CONVERSION = YES;
				CLANG_WARN_NON_LITERAL_NULL_CONVERSION = YES;
				CLANG_WARN_OBJC_IMPLICIT_RETAIN_SELF = YES;
				CLANG_WARN_OBJC_LITERAL_CONVERSION = YES;
				CLANG_WARN_OBJC_ROOT_CLASS = YES_ERROR;
				CLANG_WARN_QUOTED_INCLUDE_IN_FRAMEWORK_HEADER = YES;
				CLANG_WARN_RANGE_LOOP_ANALYSIS = YES;
				CLANG_WARN_STRICT_PROTOTYPES = YES;
				CLANG_WARN_SUSPICIOUS_MOVE = YES;
				CLANG_WARN_UNGUARDED_AVAILABILITY = YES_AGGRESSIVE;
				CLANG_WARN_UNREACHABLE_CODE = YES;
				CLANG_WARN__DUPLICATE_METHOD_MATCH = YES;
				COPY_PHASE_STRIP = NO;
				DEBUG_INFORMATION_FORMAT = dwarf;
				ENABLE_STRICT_OBJC_MSGSEND = YES;
				ENABLE_TESTABILITY = YES;
				GCC_C_LANGUAGE_STANDARD = gnu11;
				GCC_DYNAMIC_NO_PIC = NO;
				GCC_NO_COMMON_BLOCKS = YES;
				GCC_OPTIMIZATION_LEVEL = 0;
				GCC_PREPROCESSOR_DEFINITIONS = (
					"DEBUG=1",
					"$(inherited)",
				);
				GCC_WARN_64_TO_32_BIT_CONVERSION = YES;
				GCC_WARN_ABOUT_RETURN_TYPE = YES_ERROR;
				GCC_WARN_UNDECLARED_SELECTOR = YES;
				GCC_WARN_UNINITIALIZED_AUTOS = YES_AGGRESSIVE;
				GCC_WARN_UNUSED_FUNCTION = YES;
				GCC_WARN_UNUSED_VARIABLE = YES;
				IPHONEOS_DEPLOYMENT_TARGET = 14.2;
				MTL_ENABLE_DEBUG_INFO = INCLUDE_SOURCE;
				MTL_FAST_MATH = YES;
				ONLY_ACTIVE_ARCH = YES;
				SDKROOT = iphoneos;
				SWIFT_ACTIVE_COMPILATION_CONDITIONS = DEBUG;
				SWIFT_OPTIMIZATION_LEVEL = "-Onone";
			};
			name = Debug;
		};
		A4253BBD25A836CC000424CF /* Release */ = {
			isa = XCBuildConfiguration;
			buildSettings = {
				ALWAYS_SEARCH_USER_PATHS = NO;
				CLANG_ANALYZER_NONNULL = YES;
				CLANG_ANALYZER_NUMBER_OBJECT_CONVERSION = YES_AGGRESSIVE;
				CLANG_CXX_LANGUAGE_STANDARD = "gnu++14";
				CLANG_CXX_LIBRARY = "libc++";
				CLANG_ENABLE_MODULES = YES;
				CLANG_ENABLE_OBJC_ARC = YES;
				CLANG_ENABLE_OBJC_WEAK = YES;
				CLANG_WARN_BLOCK_CAPTURE_AUTORELEASING = YES;
				CLANG_WARN_BOOL_CONVERSION = YES;
				CLANG_WARN_COMMA = YES;
				CLANG_WARN_CONSTANT_CONVERSION = YES;
				CLANG_WARN_DEPRECATED_OBJC_IMPLEMENTATIONS = YES;
				CLANG_WARN_DIRECT_OBJC_ISA_USAGE = YES_ERROR;
				CLANG_WARN_DOCUMENTATION_COMMENTS = YES;
				CLANG_WARN_EMPTY_BODY = YES;
				CLANG_WARN_ENUM_CONVERSION = YES;
				CLANG_WARN_INFINITE_RECURSION = YES;
				CLANG_WARN_INT_CONVERSION = YES;
				CLANG_WARN_NON_LITERAL_NULL_CONVERSION = YES;
				CLANG_WARN_OBJC_IMPLICIT_RETAIN_SELF = YES;
				CLANG_WARN_OBJC_LITERAL_CONVERSION = YES;
				CLANG_WARN_OBJC_ROOT_CLASS = YES_ERROR;
				CLANG_WARN_QUOTED_INCLUDE_IN_FRAMEWORK_HEADER = YES;
				CLANG_WARN_RANGE_LOOP_ANALYSIS = YES;
				CLANG_WARN_STRICT_PROTOTYPES = YES;
				CLANG_WARN_SUSPICIOUS_MOVE = YES;
				CLANG_WARN_UNGUARDED_AVAILABILITY = YES_AGGRESSIVE;
				CLANG_WARN_UNREACHABLE_CODE = YES;
				CLANG_WARN__DUPLICATE_METHOD_MATCH = YES;
				COPY_PHASE_STRIP = NO;
				DEBUG_INFORMATION_FORMAT = "dwarf-with-dsym";
				ENABLE_NS_ASSERTIONS = NO;
				ENABLE_STRICT_OBJC_MSGSEND = YES;
				GCC_C_LANGUAGE_STANDARD = gnu11;
				GCC_NO_COMMON_BLOCKS = YES;
				GCC_WARN_64_TO_32_BIT_CONVERSION = YES;
				GCC_WARN_ABOUT_RETURN_TYPE = YES_ERROR;
				GCC_WARN_UNDECLARED_SELECTOR = YES;
				GCC_WARN_UNINITIALIZED_AUTOS = YES_AGGRESSIVE;
				GCC_WARN_UNUSED_FUNCTION = YES;
				GCC_WARN_UNUSED_VARIABLE = YES;
				IPHONEOS_DEPLOYMENT_TARGET = 14.2;
				MTL_ENABLE_DEBUG_INFO = NO;
				MTL_FAST_MATH = YES;
				SDKROOT = iphoneos;
				SWIFT_COMPILATION_MODE = wholemodule;
				SWIFT_OPTIMIZATION_LEVEL = "-O";
				VALIDATE_PRODUCT = YES;
			};
			name = Release;
		};
		A4253BBF25A836CC000424CF /* Debug */ = {
			isa = XCBuildConfiguration;
			buildSettings = {
				ASSETCATALOG_COMPILER_APPICON_NAME = AppIcon;
				ASSETCATALOG_COMPILER_GLOBAL_ACCENT_COLOR_NAME = AccentColor;
				CODE_SIGN_STYLE = Automatic;
				DEVELOPMENT_TEAM = B95GL74T5A;
				INFOPLIST_FILE = AlphaVantageShowcase/Info.plist;
				LD_RUNPATH_SEARCH_PATHS = (
					"$(inherited)",
					"@executable_path/Frameworks",
				);
				PRODUCT_BUNDLE_IDENTIFIER = com.ganang.AlphaVantageShowcase;
				PRODUCT_NAME = "$(TARGET_NAME)";
				SWIFT_VERSION = 5.0;
				TARGETED_DEVICE_FAMILY = "1,2";
			};
			name = Debug;
		};
		A4253BC025A836CC000424CF /* Release */ = {
			isa = XCBuildConfiguration;
			buildSettings = {
				ASSETCATALOG_COMPILER_APPICON_NAME = AppIcon;
				ASSETCATALOG_COMPILER_GLOBAL_ACCENT_COLOR_NAME = AccentColor;
				CODE_SIGN_STYLE = Automatic;
				DEVELOPMENT_TEAM = B95GL74T5A;
				INFOPLIST_FILE = AlphaVantageShowcase/Info.plist;
				LD_RUNPATH_SEARCH_PATHS = (
					"$(inherited)",
					"@executable_path/Frameworks",
				);
				PRODUCT_BUNDLE_IDENTIFIER = com.ganang.AlphaVantageShowcase;
				PRODUCT_NAME = "$(TARGET_NAME)";
				SWIFT_VERSION = 5.0;
				TARGETED_DEVICE_FAMILY = "1,2";
			};
			name = Release;
		};
		A4253BC225A836CC000424CF /* Debug */ = {
			isa = XCBuildConfiguration;
			buildSettings = {
				ALWAYS_EMBED_SWIFT_STANDARD_LIBRARIES = YES;
				BUNDLE_LOADER = "$(TEST_HOST)";
				CODE_SIGN_STYLE = Automatic;
				DEVELOPMENT_TEAM = B95GL74T5A;
				INFOPLIST_FILE = AlphaVantageShowcaseTests/Info.plist;
				IPHONEOS_DEPLOYMENT_TARGET = 14.2;
				LD_RUNPATH_SEARCH_PATHS = (
					"$(inherited)",
					"@executable_path/Frameworks",
					"@loader_path/Frameworks",
				);
				PRODUCT_BUNDLE_IDENTIFIER = com.ganang.AlphaVantageShowcaseTests;
				PRODUCT_NAME = "$(TARGET_NAME)";
				SWIFT_VERSION = 5.0;
				TARGETED_DEVICE_FAMILY = "1,2";
				TEST_HOST = "$(BUILT_PRODUCTS_DIR)/AlphaVantageShowcase.app/AlphaVantageShowcase";
			};
			name = Debug;
		};
		A4253BC325A836CC000424CF /* Release */ = {
			isa = XCBuildConfiguration;
			buildSettings = {
				ALWAYS_EMBED_SWIFT_STANDARD_LIBRARIES = YES;
				BUNDLE_LOADER = "$(TEST_HOST)";
				CODE_SIGN_STYLE = Automatic;
				DEVELOPMENT_TEAM = B95GL74T5A;
				INFOPLIST_FILE = AlphaVantageShowcaseTests/Info.plist;
				IPHONEOS_DEPLOYMENT_TARGET = 14.2;
				LD_RUNPATH_SEARCH_PATHS = (
					"$(inherited)",
					"@executable_path/Frameworks",
					"@loader_path/Frameworks",
				);
				PRODUCT_BUNDLE_IDENTIFIER = com.ganang.AlphaVantageShowcaseTests;
				PRODUCT_NAME = "$(TARGET_NAME)";
				SWIFT_VERSION = 5.0;
				TARGETED_DEVICE_FAMILY = "1,2";
				TEST_HOST = "$(BUILT_PRODUCTS_DIR)/AlphaVantageShowcase.app/AlphaVantageShowcase";
			};
			name = Release;
		};
		A4253BC525A836CC000424CF /* Debug */ = {
			isa = XCBuildConfiguration;
			buildSettings = {
				ALWAYS_EMBED_SWIFT_STANDARD_LIBRARIES = YES;
				CODE_SIGN_STYLE = Automatic;
				DEVELOPMENT_TEAM = B95GL74T5A;
				INFOPLIST_FILE = AlphaVantageShowcaseUITests/Info.plist;
				LD_RUNPATH_SEARCH_PATHS = (
					"$(inherited)",
					"@executable_path/Frameworks",
					"@loader_path/Frameworks",
				);
				PRODUCT_BUNDLE_IDENTIFIER = com.ganang.AlphaVantageShowcaseUITests;
				PRODUCT_NAME = "$(TARGET_NAME)";
				SWIFT_VERSION = 5.0;
				TARGETED_DEVICE_FAMILY = "1,2";
				TEST_TARGET_NAME = AlphaVantageShowcase;
			};
			name = Debug;
		};
		A4253BC625A836CC000424CF /* Release */ = {
			isa = XCBuildConfiguration;
			buildSettings = {
				ALWAYS_EMBED_SWIFT_STANDARD_LIBRARIES = YES;
				CODE_SIGN_STYLE = Automatic;
				DEVELOPMENT_TEAM = B95GL74T5A;
				INFOPLIST_FILE = AlphaVantageShowcaseUITests/Info.plist;
				LD_RUNPATH_SEARCH_PATHS = (
					"$(inherited)",
					"@executable_path/Frameworks",
					"@loader_path/Frameworks",
				);
				PRODUCT_BUNDLE_IDENTIFIER = com.ganang.AlphaVantageShowcaseUITests;
				PRODUCT_NAME = "$(TARGET_NAME)";
				SWIFT_VERSION = 5.0;
				TARGETED_DEVICE_FAMILY = "1,2";
				TEST_TARGET_NAME = AlphaVantageShowcase;
			};
			name = Release;
		};
/* End XCBuildConfiguration section */

/* Begin XCConfigurationList section */
		A4253B8F25A836CB000424CF /* Build configuration list for PBXProject "AlphaVantageShowcase" */ = {
			isa = XCConfigurationList;
			buildConfigurations = (
				A4253BBC25A836CC000424CF /* Debug */,
				A4253BBD25A836CC000424CF /* Release */,
			);
			defaultConfigurationIsVisible = 0;
			defaultConfigurationName = Release;
		};
		A4253BBE25A836CC000424CF /* Build configuration list for PBXNativeTarget "AlphaVantageShowcase" */ = {
			isa = XCConfigurationList;
			buildConfigurations = (
				A4253BBF25A836CC000424CF /* Debug */,
				A4253BC025A836CC000424CF /* Release */,
			);
			defaultConfigurationIsVisible = 0;
			defaultConfigurationName = Release;
		};
		A4253BC125A836CC000424CF /* Build configuration list for PBXNativeTarget "AlphaVantageShowcaseTests" */ = {
			isa = XCConfigurationList;
			buildConfigurations = (
				A4253BC225A836CC000424CF /* Debug */,
				A4253BC325A836CC000424CF /* Release */,
			);
			defaultConfigurationIsVisible = 0;
			defaultConfigurationName = Release;
		};
		A4253BC425A836CC000424CF /* Build configuration list for PBXNativeTarget "AlphaVantageShowcaseUITests" */ = {
			isa = XCConfigurationList;
			buildConfigurations = (
				A4253BC525A836CC000424CF /* Debug */,
				A4253BC625A836CC000424CF /* Release */,
			);
			defaultConfigurationIsVisible = 0;
			defaultConfigurationName = Release;
		};
/* End XCConfigurationList section */
	};
	rootObject = A4253B8C25A836CB000424CF /* Project object */;
}
